
Microsoft Visual Studio Solution File, Format Version 12.00
# Visual Studio Version 16
VisualStudioVersion = 16.0.31129.286
MinimumVisualStudioVersion = 10.0.40219.1
Project("{9A19103F-16F7-4668-BE54-9A1E7A4F7556}") = "FileManager", "FileManager.csproj", "{954860CF-A57B-4129-98C7-E01917700064}"
EndProject
Global
	GlobalSection(SolutionConfigurationPlatforms) = preSolution
		Debug|Any CPU = Debug|Any CPU
		Release|Any CPU = Release|Any CPU
	EndGlobalSection
	GlobalSection(ProjectConfigurationPlatforms) = postSolution
		{954860CF-A57B-4129-98C7-E01917700064}.Debug|Any CPU.ActiveCfg = Release|Any CPU
		{954860CF-A57B-4129-98C7-E01917700064}.Debug|Any CPU.Build.0 = Release|Any CPU
		{954860CF-A57B-4129-98C7-E01917700064}.Release|Any CPU.ActiveCfg = Release|Any CPU
		{954860CF-A57B-4129-98C7-E01917700064}.Release|Any CPU.Build.0 = Release|Any CPU
	EndGlobalSection
	GlobalSection(SolutionProperties) = preSolution
		HideSolutionNode = FALSE
	EndGlobalSection
	GlobalSection(ExtensibilityGlobals) = postSolution
		SolutionGuid = {00D7D339-E447-4592-96C2-1A1FEC46BC1F}
	EndGlobalSection
EndGlobal
